
Microsoft Visual Studio Solution File, Format Version 12.00
Project("{FAE04EC0-301F-11D3-BF4B-00C04F79EFBC}") = "Academy.Store.App.Console", "Academy.Store.App.Console\Academy.Store.App.Console.csproj", "{773CCB17-4338-4556-812D-97A4538B27AE}"
EndProject
Project("{FAE04EC0-301F-11D3-BF4B-00C04F79EFBC}") = "Academy.BookStore.App.Console", "Academy.BookStore.App.Console\Academy.BookStore.App.Console.csproj", "{1CF03159-5557-4892-B222-2EAFD1F2F7E7}"
EndProject
Project("{FAE04EC0-301F-11D3-BF4B-00C04F79EFBC}") = "Academy.BookStore.Entities", "Academy.BookStore.Entities\Academy.BookStore.Entities.csproj", "{DE7B1C99-775A-4CC7-A3EC-F91CC3AD9C5D}"
EndProject
Project("{FAE04EC0-301F-11D3-BF4B-00C04F79EFBC}") = "Academy.BookStore.Services.Contracts", "Academy.BookStore.Services.Contracts\Academy.BookStore.Services.Contracts.csproj", "{A48566F0-61AA-4BB3-A652-FD74610EB147}"
EndProject
Project("{FAE04EC0-301F-11D3-BF4B-00C04F79EFBC}") = "Academy.BookStore.Services", "Academy.BookStore.Services\Academy.BookStore.Services.csproj", "{300E5DC1-2567-4C81-807F-4BB82FA8B83D}"
EndProject
Project("{FAE04EC0-301F-11D3-BF4B-00C04F79EFBC}") = "Academy.BookStore.App.Wpf", "Academy.BookStore.App.Wpf\Academy.BookStore.App.Wpf.csproj", "{6FECCFC2-E473-4509-AAA8-B9951468A8FE}"
EndProject
Global
	GlobalSection(SolutionConfigurationPlatforms) = preSolution
		Debug|Any CPU = Debug|Any CPU
		Release|Any CPU = Release|Any CPU
	EndGlobalSection
	GlobalSection(ProjectConfigurationPlatforms) = postSolution
		{773CCB17-4338-4556-812D-97A4538B27AE}.Debug|Any CPU.ActiveCfg = Debug|Any CPU
		{773CCB17-4338-4556-812D-97A4538B27AE}.Debug|Any CPU.Build.0 = Debug|Any CPU
		{773CCB17-4338-4556-812D-97A4538B27AE}.Release|Any CPU.ActiveCfg = Release|Any CPU
		{773CCB17-4338-4556-812D-97A4538B27AE}.Release|Any CPU.Build.0 = Release|Any CPU
		{1CF03159-5557-4892-B222-2EAFD1F2F7E7}.Debug|Any CPU.ActiveCfg = Debug|Any CPU
		{1CF03159-5557-4892-B222-2EAFD1F2F7E7}.Debug|Any CPU.Build.0 = Debug|Any CPU
		{1CF03159-5557-4892-B222-2EAFD1F2F7E7}.Release|Any CPU.ActiveCfg = Release|Any CPU
		{1CF03159-5557-4892-B222-2EAFD1F2F7E7}.Release|Any CPU.Build.0 = Release|Any CPU
		{DE7B1C99-775A-4CC7-A3EC-F91CC3AD9C5D}.Debug|Any CPU.ActiveCfg = Debug|Any CPU
		{DE7B1C99-775A-4CC7-A3EC-F91CC3AD9C5D}.Debug|Any CPU.Build.0 = Debug|Any CPU
		{DE7B1C99-775A-4CC7-A3EC-F91CC3AD9C5D}.Release|Any CPU.ActiveCfg = Release|Any CPU
		{DE7B1C99-775A-4CC7-A3EC-F91CC3AD9C5D}.Release|Any CPU.Build.0 = Release|Any CPU
		{A48566F0-61AA-4BB3-A652-FD74610EB147}.Debug|Any CPU.ActiveCfg = Debug|Any CPU
		{A48566F0-61AA-4BB3-A652-FD74610EB147}.Debug|Any CPU.Build.0 = Debug|Any CPU
		{A48566F0-61AA-4BB3-A652-FD74610EB147}.Release|Any CPU.ActiveCfg = Release|Any CPU
		{A48566F0-61AA-4BB3-A652-FD74610EB147}.Release|Any CPU.Build.0 = Release|Any CPU
		{300E5DC1-2567-4C81-807F-4BB82FA8B83D}.Debug|Any CPU.ActiveCfg = Debug|Any CPU
		{300E5DC1-2567-4C81-807F-4BB82FA8B83D}.Debug|Any CPU.Build.0 = Debug|Any CPU
		{300E5DC1-2567-4C81-807F-4BB82FA8B83D}.Release|Any CPU.ActiveCfg = Release|Any CPU
		{300E5DC1-2567-4C81-807F-4BB82FA8B83D}.Release|Any CPU.Build.0 = Release|Any CPU
		{6FECCFC2-E473-4509-AAA8-B9951468A8FE}.Debug|Any CPU.ActiveCfg = Debug|Any CPU
		{6FECCFC2-E473-4509-AAA8-B9951468A8FE}.Debug|Any CPU.Build.0 = Debug|Any CPU
		{6FECCFC2-E473-4509-AAA8-B9951468A8FE}.Release|Any CPU.ActiveCfg = Release|Any CPU
		{6FECCFC2-E473-4509-AAA8-B9951468A8FE}.Release|Any CPU.Build.0 = Release|Any CPU
	EndGlobalSection
EndGlobal
